
Microsoft Visual Studio Solution File, Format Version 12.00
# Visual Studio 15
Project("{FAE04EC0-301F-11D3-BF4B-00C04F79EFBC}") = "WhetstoneNetFramework", "WhetstoneNetFramework\WhetstoneNetFramework.csproj", "{5F1F00DF-EEAB-499A-840C-9A2DA00C4350}"
EndProject
Project("{FAE04EC0-301F-11D3-BF4B-00C04F79EFBC}") = "WhetstoneNetCore", "WhetstoneNetCore\WhetstoneNetCore.csproj", "{6FD357E2-188A-49D6-996E-8F0F8D5FDA87}"
EndProject
Global
	GlobalSection(SolutionConfigurationPlatforms) = preSolution
		Debug|Any CPU = Debug|Any CPU
		Release|Any CPU = Release|Any CPU
	EndGlobalSection
	GlobalSection(ProjectConfigurationPlatforms) = postSolution
		{5F1F00DF-EEAB-499A-840C-9A2DA00C4350}.Debug|Any CPU.ActiveCfg = Debug|Any CPU
		{5F1F00DF-EEAB-499A-840C-9A2DA00C4350}.Debug|Any CPU.Build.0 = Debug|Any CPU
		{5F1F00DF-EEAB-499A-840C-9A2DA00C4350}.Release|Any CPU.ActiveCfg = Release|Any CPU
		{5F1F00DF-EEAB-499A-840C-9A2DA00C4350}.Release|Any CPU.Build.0 = Release|Any CPU
		{6FD357E2-188A-49D6-996E-8F0F8D5FDA87}.Debug|Any CPU.ActiveCfg = Debug|Any CPU
		{6FD357E2-188A-49D6-996E-8F0F8D5FDA87}.Debug|Any CPU.Build.0 = Debug|Any CPU
		{6FD357E2-188A-49D6-996E-8F0F8D5FDA87}.Release|Any CPU.ActiveCfg = Release|Any CPU
		{6FD357E2-188A-49D6-996E-8F0F8D5FDA87}.Release|Any CPU.Build.0 = Release|Any CPU
	EndGlobalSection
EndGlobal
